
Microsoft Visual Studio Solution File, Format Version 12.00
# Visual Studio Version 17
VisualStudioVersion = 17.4.33213.308
MinimumVisualStudioVersion = 10.0.40219.1
Project("{FAE04EC0-301F-11D3-BF4B-00C04F79EFBC}") = "group-project-bank-csharp", "group-project-bank-csharp.csproj", "{4F414CB9-B184-4D95-91AF-9E7C1950CBB3}"
EndProject
Global
	GlobalSection(SolutionConfigurationPlatforms) = preSolution
		Debug|Any CPU = Debug|Any CPU
		Release|Any CPU = Release|Any CPU
	EndGlobalSection
	GlobalSection(ProjectConfigurationPlatforms) = postSolution
		{4F414CB9-B184-4D95-91AF-9E7C1950CBB3}.Debug|Any CPU.ActiveCfg = Debug|Any CPU
		{4F414CB9-B184-4D95-91AF-9E7C1950CBB3}.Debug|Any CPU.Build.0 = Debug|Any CPU
		{4F414CB9-B184-4D95-91AF-9E7C1950CBB3}.Release|Any CPU.ActiveCfg = Release|Any CPU
		{4F414CB9-B184-4D95-91AF-9E7C1950CBB3}.Release|Any CPU.Build.0 = Release|Any CPU
	EndGlobalSection
	GlobalSection(SolutionProperties) = preSolution
		HideSolutionNode = FALSE
	EndGlobalSection
	GlobalSection(ExtensibilityGlobals) = postSolution
		SolutionGuid = {65F2C295-EA88-4055-8E04-51EBFA87F091}
	EndGlobalSection
EndGlobal
